<?xml version="1.0" encoding="utf-8"?>
<Project ToolsVersion="4.0" xmlns="http://schemas.microsoft.com/developer/msbuild/2003">
  <ItemGroup>
    <Filter Include="源文件">
      <UniqueIdentifier>{4FC737F1-C7A5-4376-A066-2A32D752A2FF}</UniqueIdentifier>
      <Extensions>cpp;c;cc;cxx;def;odl;idl;hpj;bat;asm;asmx</Extensions>
    </Filter>
    <Filter Include="头文件">
      <UniqueIdentifier>{93995380-89BD-4b04-88EB-625FBE52EBFB}</UniqueIdentifier>
      <Extensions>h;hh;hpp;hxx;hm;inl;inc;xsd</Extensions>
    </Filter>
    <Filter Include="资源文件">
      <UniqueIdentifier>{67DA6AB6-F800-4c08-8B7A-83BB121AAD01}</UniqueIdentifier>
      <Extensions>rc;ico;cur;bmp;dlg;rc2;rct;bin;rgs;gif;jpg;jpeg;jpe;resx;tiff;tif;png;wav;mfcribbon-ms</Extensions>
    </Filter>
    <Filter Include="头文件\core">
      <UniqueIdentifier>{13f26697-3db4-4b41-a60a-dcd248444835}</UniqueIdentifier>
    </Filter>
    <Filter Include="头文件\common">
      <UniqueIdentifier>{df0eaa76-2360-4879-83a9-d46f4bea9816}</UniqueIdentifier>
    </Filter>
    <Filter Include="头文件\disruptor4cpp">
      <UniqueIdentifier>{c50ab71e-68da-4724-a151-e9d144ca7058}</UniqueIdentifier>
    </Filter>
    <Filter Include="头文件\disruptor4cpp\exceptions">
      <UniqueIdentifier>{be24c14f-cb5a-4ebf-a6c4-056c7d67d1fe}</UniqueIdentifier>
    </Filter>
    <Filter Include="头文件\disruptor4cpp\utils">
      <UniqueIdentifier>{6da21f69-c38e-4a2b-83a8-cd2be97aacec}</UniqueIdentifier>
    </Filter>
    <Filter Include="头文件\disruptor4cpp\wait_strategies">
      <UniqueIdentifier>{0767c464-0e04-4543-bba9-4e6e2799a637}</UniqueIdentifier>
    </Filter>
  </ItemGroup>
  <ItemGroup>
    <ClCompile Include="main.cpp">
      <Filter>源文件</Filter>
    </ClCompile>
  </ItemGroup>
  <ItemGroup>
    <Library Include="..\..\TeaFiles.Cpp\Bin\TeaFiles32d.lib">
      <Filter>资源文件</Filter>
    </Library>
  </ItemGroup>
  <ItemGroup>
    <ClInclude Include="EventHandler.h">
      <Filter>头文件\common</Filter>
    </ClInclude>
    <ClInclude Include="Event.h">
      <Filter>头文件\common</Filter>
    </ClInclude>
    <ClInclude Include="Strategy.h">
      <Filter>头文件\core</Filter>
    </ClInclude>
    <ClInclude Include="MultiEventProcessor.h">
      <Filter>头文件\common</Filter>
    </ClInclude>
    <ClInclude Include="EventBusManager.h">
      <Filter>头文件\common</Filter>
    </ClInclude>
    <ClInclude Include="Performance.h">
      <Filter>头文件\core</Filter>
    </ClInclude>
    <ClInclude Include="Portfolio.h">
      <Filter>头文件\core</Filter>
    </ClInclude>
    <ClInclude Include="batch_event_processor.h">
      <Filter>头文件\disruptor4cpp</Filter>
    </ClInclude>
    <ClInclude Include="disruptor4cpp.h">
      <Filter>头文件\disruptor4cpp</Filter>
    </ClInclude>
    <ClInclude Include="event_handler.h">
      <Filter>头文件\disruptor4cpp</Filter>
    </ClInclude>
    <ClInclude Include="fixed_sequence_group.h">
      <Filter>头文件\disruptor4cpp</Filter>
    </ClInclude>
    <ClInclude Include="multi_producer_sequencer.h">
      <Filter>头文件\disruptor4cpp</Filter>
    </ClInclude>
    <ClInclude Include="no_op_event_processor.h">
      <Filter>头文件\disruptor4cpp</Filter>
    </ClInclude>
    <ClInclude Include="producer_type.h">
      <Filter>头文件\disruptor4cpp</Filter>
    </ClInclude>
    <ClInclude Include="ring_buffer.h">
      <Filter>头文件\disruptor4cpp</Filter>
    </ClInclude>
    <ClInclude Include="sequence_barrier.h">
      <Filter>头文件\disruptor4cpp</Filter>
    </ClInclude>
    <ClInclude Include="sequence.h">
      <Filter>头文件\disruptor4cpp</Filter>
    </ClInclude>
    <ClInclude Include="sequencer_traits.h">
      <Filter>头文件\disruptor4cpp</Filter>
    </ClInclude>
    <ClInclude Include="single_producer_sequencer.h">
      <Filter>头文件\disruptor4cpp</Filter>
    </ClInclude>
    <ClInclude Include="alert_exception.h">
      <Filter>头文件\disruptor4cpp\exceptions</Filter>
    </ClInclude>
    <ClInclude Include="insufficient_capacity_exception.h">
      <Filter>头文件\disruptor4cpp\exceptions</Filter>
    </ClInclude>
    <ClInclude Include="timeout_exception.h">
      <Filter>头文件\disruptor4cpp\exceptions</Filter>
    </ClInclude>
    <ClInclude Include="cache_line_storage.h">
      <Filter>头文件\disruptor4cpp\utils</Filter>
    </ClInclude>
    <ClInclude Include="util.h">
      <Filter>头文件\disruptor4cpp\utils</Filter>
    </ClInclude>
    <ClInclude Include="blocking_wait_strategy.h">
      <Filter>头文件\disruptor4cpp\wait_strategies</Filter>
    </ClInclude>
    <ClInclude Include="busy_spin_wait_strategy.h">
      <Filter>头文件\disruptor4cpp\wait_strategies</Filter>
    </ClInclude>
    <ClInclude Include="lite_blocking_wait_strategy.h">
      <Filter>头文件\disruptor4cpp\wait_strategies</Filter>
    </ClInclude>
    <ClInclude Include="phased_backoff_wait_strategy.h">
      <Filter>头文件\disruptor4cpp\wait_strategies</Filter>
    </ClInclude>
    <ClInclude Include="sleeping_wait_strategy.h">
      <Filter>头文件\disruptor4cpp\wait_strategies</Filter>
    </ClInclude>
    <ClInclude Include="timeout_blocking_wait_strategy.h">
      <Filter>头文件\disruptor4cpp\wait_strategies</Filter>
    </ClInclude>
    <ClInclude Include="yielding_wait_strategy.h">
      <Filter>头文件\disruptor4cpp\wait_strategies</Filter>
    </ClInclude>
  </ItemGroup>
</Project>